// !$*UTF8*$!
{
	archiveVersion = 1;
	classes = {
	};
	objectVersion = 56;
	objects = {

/* Begin PBXBuildFile section */
		1F72B191289CA67D001A3AF2 /* AssetLibraryEditorApp.swift in Sources */ = {isa = PBXBuildFile; fileRef = 1F72B190289CA67D001A3AF2 /* AssetLibraryEditorApp.swift */; };
		1F72B193289CA67D001A3AF2 /* AssetLibraryEditorDocument.swift in Sources */ = {isa = PBXBuildFile; fileRef = 1F72B192289CA67D001A3AF2 /* AssetLibraryEditorDocument.swift */; };
		1F72B195289CA67D001A3AF2 /* ContentView.swift in Sources */ = {isa = PBXBuildFile; fileRef = 1F72B194289CA67D001A3AF2 /* ContentView.swift */; };
		1F72B197289CA67F001A3AF2 /* Assets.xcassets in Resources */ = {isa = PBXBuildFile; fileRef = 1F72B196289CA67F001A3AF2 /* Assets.xcassets */; };
		1F72B19A289CA67F001A3AF2 /* Preview Assets.xcassets in Resources */ = {isa = PBXBuildFile; fileRef = 1F72B199289CA67F001A3AF2 /* Preview Assets.xcassets */; };
		1F72B1A6289CA67F001A3AF2 /* AssetLibraryEditorTests.swift in Sources */ = {isa = PBXBuildFile; fileRef = 1F72B1A5289CA67F001A3AF2 /* AssetLibraryEditorTests.swift */; };
		1F72B1B0289CA67F001A3AF2 /* AssetLibraryEditorUITests.swift in Sources */ = {isa = PBXBuildFile; fileRef = 1F72B1AF289CA67F001A3AF2 /* AssetLibraryEditorUITests.swift */; };
		1F72B1B2289CA67F001A3AF2 /* AssetLibraryEditorUITestsLaunchTests.swift in Sources */ = {isa = PBXBuildFile; fileRef = 1F72B1B1289CA67F001A3AF2 /* AssetLibraryEditorUITestsLaunchTests.swift */; };
/* End PBXBuildFile section */

/* Begin PBXContainerItemProxy section */
		1F72B1A2289CA67F001A3AF2 /* PBXContainerItemProxy */ = {
			isa = PBXContainerItemProxy;
			containerPortal = 1F72B185289CA67D001A3AF2 /* Project object */;
			proxyType = 1;
			remoteGlobalIDString = 1F72B18C289CA67D001A3AF2;
			remoteInfo = AssetLibraryEditor;
		};
		1F72B1AC289CA67F001A3AF2 /* PBXContainerItemProxy */ = {
			isa = PBXContainerItemProxy;
			containerPortal = 1F72B185289CA67D001A3AF2 /* Project object */;
			proxyType = 1;
			remoteGlobalIDString = 1F72B18C289CA67D001A3AF2;
			remoteInfo = AssetLibraryEditor;
		};
/* End PBXContainerItemProxy section */

/* Begin PBXFileReference section */
		1F72B18D289CA67D001A3AF2 /* AssetLibraryEditor.app */ = {isa = PBXFileReference; explicitFileType = wrapper.application; includeInIndex = 0; path = AssetLibraryEditor.app; sourceTree = BUILT_PRODUCTS_DIR; };
		1F72B190289CA67D001A3AF2 /* AssetLibraryEditorApp.swift */ = {isa = PBXFileReference; lastKnownFileType = sourcecode.swift; path = AssetLibraryEditorApp.swift; sourceTree = "<group>"; };
		1F72B192289CA67D001A3AF2 /* AssetLibraryEditorDocument.swift */ = {isa = PBXFileReference; lastKnownFileType = sourcecode.swift; path = AssetLibraryEditorDocument.swift; sourceTree = "<group>"; };
		1F72B194289CA67D001A3AF2 /* ContentView.swift */ = {isa = PBXFileReference; lastKnownFileType = sourcecode.swift; path = ContentView.swift; sourceTree = "<group>"; };
		1F72B196289CA67F001A3AF2 /* Assets.xcassets */ = {isa = PBXFileReference; lastKnownFileType = folder.assetcatalog; path = Assets.xcassets; sourceTree = "<group>"; };
		1F72B199289CA67F001A3AF2 /* Preview Assets.xcassets */ = {isa = PBXFileReference; lastKnownFileType = folder.assetcatalog; path = "Preview Assets.xcassets"; sourceTree = "<group>"; };
		1F72B19B289CA67F001A3AF2 /* Info.plist */ = {isa = PBXFileReference; lastKnownFileType = text.plist.xml; path = Info.plist; sourceTree = "<group>"; };
		1F72B19C289CA67F001A3AF2 /* AssetLibraryEditor.entitlements */ = {isa = PBXFileReference; lastKnownFileType = text.plist.entitlements; path = AssetLibraryEditor.entitlements; sourceTree = "<group>"; };
		1F72B1A1289CA67F001A3AF2 /* AssetLibraryEditorTests.xctest */ = {isa = PBXFileReference; explicitFileType = wrapper.cfbundle; includeInIndex = 0; path = AssetLibraryEditorTests.xctest; sourceTree = BUILT_PRODUCTS_DIR; };
		1F72B1A5289CA67F001A3AF2 /* AssetLibraryEditorTests.swift */ = {isa = PBXFileReference; lastKnownFileType = sourcecode.swift; path = AssetLibraryEditorTests.swift; sourceTree = "<group>"; };
		1F72B1AB289CA67F001A3AF2 /* AssetLibraryEditorUITests.xctest */ = {isa = PBXFileReference; explicitFileType = wrapper.cfbundle; includeInIndex = 0; path = AssetLibraryEditorUITests.xctest; sourceTree = BUILT_PRODUCTS_DIR; };
		1F72B1AF289CA67F001A3AF2 /* AssetLibraryEditorUITests.swift */ = {isa = PBXFileReference; lastKnownFileType = sourcecode.swift; path = AssetLibraryEditorUITests.swift; sourceTree = "<group>"; };
		1F72B1B1289CA67F001A3AF2 /* AssetLibraryEditorUITestsLaunchTests.swift */ = {isa = PBXFileReference; lastKnownFileType = sourcecode.swift; path = AssetLibraryEditorUITestsLaunchTests.swift; sourceTree = "<group>"; };
/* End PBXFileReference section */

/* Begin PBXFrameworksBuildPhase section */
		1F72B18A289CA67D001A3AF2 /* Frameworks */ = {
			isa = PBXFrameworksBuildPhase;
			buildActionMask = 2147483647;
			files = (
			);
			runOnlyForDeploymentPostprocessing = 0;
		};
		1F72B19E289CA67F001A3AF2 /* Frameworks */ = {
			isa = PBXFrameworksBuildPhase;
			buildActionMask = 2147483647;
			files = (
			);
			runOnlyForDeploymentPostprocessing = 0;
		};
		1F72B1A8289CA67F001A3AF2 /* Frameworks */ = {
			isa = PBXFrameworksBuildPhase;
			buildActionMask = 2147483647;
			files = (
			);
			runOnlyForDeploymentPostprocessing = 0;
		};
/* End PBXFrameworksBuildPhase section */

/* Begin PBXGroup section */
		1F72B184289CA67D001A3AF2 = {
			isa = PBXGroup;
			children = (
				1F72B18F289CA67D001A3AF2 /* AssetLibraryEditor */,
				1F72B1A4289CA67F001A3AF2 /* AssetLibraryEditorTests */,
				1F72B1AE289CA67F001A3AF2 /* AssetLibraryEditorUITests */,
				1F72B18E289CA67D001A3AF2 /* Products */,
			);
			sourceTree = "<group>";
		};
		1F72B18E289CA67D001A3AF2 /* Products */ = {
			isa = PBXGroup;
			children = (
				1F72B18D289CA67D001A3AF2 /* AssetLibraryEditor.app */,
				1F72B1A1289CA67F001A3AF2 /* AssetLibraryEditorTests.xctest */,
				1F72B1AB289CA67F001A3AF2 /* AssetLibraryEditorUITests.xctest */,
			);
			name = Products;
			sourceTree = "<group>";
		};
		1F72B18F289CA67D001A3AF2 /* AssetLibraryEditor */ = {
			isa = PBXGroup;
			children = (
				1F72B190289CA67D001A3AF2 /* AssetLibraryEditorApp.swift */,
				1F72B192289CA67D001A3AF2 /* AssetLibraryEditorDocument.swift */,
				1F72B194289CA67D001A3AF2 /* ContentView.swift */,
				1F72B196289CA67F001A3AF2 /* Assets.xcassets */,
				1F72B19B289CA67F001A3AF2 /* Info.plist */,
				1F72B19C289CA67F001A3AF2 /* AssetLibraryEditor.entitlements */,
				1F72B198289CA67F001A3AF2 /* Preview Content */,
			);
			path = AssetLibraryEditor;
			sourceTree = "<group>";
		};
		1F72B198289CA67F001A3AF2 /* Preview Content */ = {
			isa = PBXGroup;
			children = (
				1F72B199289CA67F001A3AF2 /* Preview Assets.xcassets */,
			);
			path = "Preview Content";
			sourceTree = "<group>";
		};
		1F72B1A4289CA67F001A3AF2 /* AssetLibraryEditorTests */ = {
			isa = PBXGroup;
			children = (
				1F72B1A5289CA67F001A3AF2 /* AssetLibraryEditorTests.swift */,
			);
			path = AssetLibraryEditorTests;
			sourceTree = "<group>";
		};
		1F72B1AE289CA67F001A3AF2 /* AssetLibraryEditorUITests */ = {
			isa = PBXGroup;
			children = (
				1F72B1AF289CA67F001A3AF2 /* AssetLibraryEditorUITests.swift */,
				1F72B1B1289CA67F001A3AF2 /* AssetLibraryEditorUITestsLaunchTests.swift */,
			);
			path = AssetLibraryEditorUITests;
			sourceTree = "<group>";
		};
/* End PBXGroup section */

/* Begin PBXNativeTarget section */
		1F72B18C289CA67D001A3AF2 /* AssetLibraryEditor */ = {
			isa = PBXNativeTarget;
			buildConfigurationList = 1F72B1B5289CA67F001A3AF2 /* Build configuration list for PBXNativeTarget "AssetLibraryEditor" */;
			buildPhases = (
				1F72B189289CA67D001A3AF2 /* Sources */,
				1F72B18A289CA67D001A3AF2 /* Frameworks */,
				1F72B18B289CA67D001A3AF2 /* Resources */,
			);
			buildRules = (
			);
			dependencies = (
			);
			name = AssetLibraryEditor;
			productName = AssetLibraryEditor;
			productReference = 1F72B18D289CA67D001A3AF2 /* AssetLibraryEditor.app */;
			productType = "com.apple.product-type.application";
		};
		1F72B1A0289CA67F001A3AF2 /* AssetLibraryEditorTests */ = {
			isa = PBXNativeTarget;
			buildConfigurationList = 1F72B1B8289CA67F001A3AF2 /* Build configuration list for PBXNativeTarget "AssetLibraryEditorTests" */;
			buildPhases = (
				1F72B19D289CA67F001A3AF2 /* Sources */,
				1F72B19E289CA67F001A3AF2 /* Frameworks */,
				1F72B19F289CA67F001A3AF2 /* Resources */,
			);
			buildRules = (
			);
			dependencies = (
				1F72B1A3289CA67F001A3AF2 /* PBXTargetDependency */,
			);
			name = AssetLibraryEditorTests;
			productName = AssetLibraryEditorTests;
			productReference = 1F72B1A1289CA67F001A3AF2 /* AssetLibraryEditorTests.xctest */;
			productType = "com.apple.product-type.bundle.unit-test";
		};
		1F72B1AA289CA67F001A3AF2 /* AssetLibraryEditorUITests */ = {
			isa = PBXNativeTarget;
			buildConfigurationList = 1F72B1BB289CA67F001A3AF2 /* Build configuration list for PBXNativeTarget "AssetLibraryEditorUITests" */;
			buildPhases = (
				1F72B1A7289CA67F001A3AF2 /* Sources */,
				1F72B1A8289CA67F001A3AF2 /* Frameworks */,
				1F72B1A9289CA67F001A3AF2 /* Resources */,
			);
			buildRules = (
			);
			dependencies = (
				1F72B1AD289CA67F001A3AF2 /* PBXTargetDependency */,
			);
			name = AssetLibraryEditorUITests;
			productName = AssetLibraryEditorUITests;
			productReference = 1F72B1AB289CA67F001A3AF2 /* AssetLibraryEditorUITests.xctest */;
			productType = "com.apple.product-type.bundle.ui-testing";
		};
/* End PBXNativeTarget section */

/* Begin PBXProject section */
		1F72B185289CA67D001A3AF2 /* Project object */ = {
			isa = PBXProject;
			attributes = {
				BuildIndependentTargetsInParallel = 1;
				LastSwiftUpdateCheck = 1400;
				LastUpgradeCheck = 1400;
				TargetAttributes = {
					1F72B18C289CA67D001A3AF2 = {
						CreatedOnToolsVersion = 14.0;
					};
					1F72B1A0289CA67F001A3AF2 = {
						CreatedOnToolsVersion = 14.0;
						TestTargetID = 1F72B18C289CA67D001A3AF2;
					};
					1F72B1AA289CA67F001A3AF2 = {
						CreatedOnToolsVersion = 14.0;
						TestTargetID = 1F72B18C289CA67D001A3AF2;
					};
				};
			};
			buildConfigurationList = 1F72B188289CA67D001A3AF2 /* Build configuration list for PBXProject "AssetLibraryEditor" */;
			compatibilityVersion = "Xcode 14.0";
			developmentRegion = en;
			hasScannedForEncodings = 0;
			knownRegions = (
				en,
				Base,
			);
			mainGroup = 1F72B184289CA67D001A3AF2;
			productRefGroup = 1F72B18E289CA67D001A3AF2 /* Products */;
			projectDirPath = "";
			projectRoot = "";
			targets = (
				1F72B18C289CA67D001A3AF2 /* AssetLibraryEditor */,
				1F72B1A0289CA67F001A3AF2 /* AssetLibraryEditorTests */,
				1F72B1AA289CA67F001A3AF2 /* AssetLibraryEditorUITests */,
			);
		};
/* End PBXProject section */

/* Begin PBXResourcesBuildPhase section */
		1F72B18B289CA67D001A3AF2 /* Resources */ = {
			isa = PBXResourcesBuildPhase;
			buildActionMask = 2147483647;
			files = (
				1F72B19A289CA67F001A3AF2 /* Preview Assets.xcassets in Resources */,
				1F72B197289CA67F001A3AF2 /* Assets.xcassets in Resources */,
			);
			runOnlyForDeploymentPostprocessing = 0;
		};
		1F72B19F289CA67F001A3AF2 /* Resources */ = {
			isa = PBXResourcesBuildPhase;
			buildActionMask = 2147483647;
			files = (
			);
			runOnlyForDeploymentPostprocessing = 0;
		};
		1F72B1A9289CA67F001A3AF2 /* Resources */ = {
			isa = PBXResourcesBuildPhase;
			buildActionMask = 2147483647;
			files = (
			);
			runOnlyForDeploymentPostprocessing = 0;
		};
/* End PBXResourcesBuildPhase section */

/* Begin PBXSourcesBuildPhase section */
		1F72B189289CA67D001A3AF2 /* Sources */ = {
			isa = PBXSourcesBuildPhase;
			buildActionMask = 2147483647;
			files = (
				1F72B193289CA67D001A3AF2 /* AssetLibraryEditorDocument.swift in Sources */,
				1F72B191289CA67D001A3AF2 /* AssetLibraryEditorApp.swift in Sources */,
				1F72B195289CA67D001A3AF2 /* ContentView.swift in Sources */,
			);
			runOnlyForDeploymentPostprocessing = 0;
		};
		1F72B19D289CA67F001A3AF2 /* Sources */ = {
			isa = PBXSourcesBuildPhase;
			buildActionMask = 2147483647;
			files = (
				1F72B1A6289CA67F001A3AF2 /* AssetLibraryEditorTests.swift in Sources */,
			);
			runOnlyForDeploymentPostprocessing = 0;
		};
		1F72B1A7289CA67F001A3AF2 /* Sources */ = {
			isa = PBXSourcesBuildPhase;
			buildActionMask = 2147483647;
			files = (
				1F72B1B2289CA67F001A3AF2 /* AssetLibraryEditorUITestsLaunchTests.swift in Sources */,
				1F72B1B0289CA67F001A3AF2 /* AssetLibraryEditorUITests.swift in Sources */,
			);
			runOnlyForDeploymentPostprocessing = 0;
		};
/* End PBXSourcesBuildPhase section */

/* Begin PBXTargetDependency section */
		1F72B1A3289CA67F001A3AF2 /* PBXTargetDependency */ = {
			isa = PBXTargetDependency;
			target = 1F72B18C289CA67D001A3AF2 /* AssetLibraryEditor */;
			targetProxy = 1F72B1A2289CA67F001A3AF2 /* PBXContainerItemProxy */;
		};
		1F72B1AD289CA67F001A3AF2 /* PBXTargetDependency */ = {
			isa = PBXTargetDependency;
			target = 1F72B18C289CA67D001A3AF2 /* AssetLibraryEditor */;
			targetProxy = 1F72B1AC289CA67F001A3AF2 /* PBXContainerItemProxy */;
		};
/* End PBXTargetDependency section */

/* Begin XCBuildConfiguration section */
		1F72B1B3289CA67F001A3AF2 /* Debug */ = {
			isa = XCBuildConfiguration;
			buildSettings = {
				ALWAYS_SEARCH_USER_PATHS = NO;
				CLANG_ANALYZER_NONNULL = YES;
				CLANG_ANALYZER_NUMBER_OBJECT_CONVERSION = YES_AGGRESSIVE;
				CLANG_CXX_LANGUAGE_STANDARD = "gnu++17";
				CLANG_ENABLE_MODULES = YES;
				CLANG_ENABLE_OBJC_ARC = YES;
				CLANG_ENABLE_OBJC_WEAK = YES;
				CLANG_WARN_BLOCK_CAPTURE_AUTORELEASING = YES;
				CLANG_WARN_BOOL_CONVERSION = YES;
				CLANG_WARN_COMMA = YES;
				CLANG_WARN_CONSTANT_CONVERSION = YES;
				CLANG_WARN_DEPRECATED_OBJC_IMPLEMENTATIONS = YES;
				CLANG_WARN_DIRECT_OBJC_ISA_USAGE = YES_ERROR;
				CLANG_WARN_DOCUMENTATION_COMMENTS = YES;
				CLANG_WARN_EMPTY_BODY = YES;
				CLANG_WARN_ENUM_CONVERSION = YES;
				CLANG_WARN_INFINITE_RECURSION = YES;
				CLANG_WARN_INT_CONVERSION = YES;
				CLANG_WARN_NON_LITERAL_NULL_CONVERSION = YES;
				CLANG_WARN_OBJC_IMPLICIT_RETAIN_SELF = YES;
				CLANG_WARN_OBJC_LITERAL_CONVERSION = YES;
				CLANG_WARN_OBJC_ROOT_CLASS = YES_ERROR;
				CLANG_WARN_QUOTED_INCLUDE_IN_FRAMEWORK_HEADER = YES;
				CLANG_WARN_RANGE_LOOP_ANALYSIS = YES;
				CLANG_WARN_STRICT_PROTOTYPES = YES;
				CLANG_WARN_SUSPICIOUS_MOVE = YES;
				CLANG_WARN_UNGUARDED_AVAILABILITY = YES_AGGRESSIVE;
				CLANG_WARN_UNREACHABLE_CODE = YES;
				CLANG_WARN__DUPLICATE_METHOD_MATCH = YES;
				COPY_PHASE_STRIP = NO;
				DEBUG_INFORMATION_FORMAT = dwarf;
				ENABLE_STRICT_OBJC_MSGSEND = YES;
				ENABLE_TESTABILITY = YES;
				GCC_C_LANGUAGE_STANDARD = gnu11;
				GCC_DYNAMIC_NO_PIC = NO;
				GCC_NO_COMMON_BLOCKS = YES;
				GCC_OPTIMIZATION_LEVEL = 0;
				GCC_PREPROCESSOR_DEFINITIONS = (
					"DEBUG=1",
					"$(inherited)",
				);
				GCC_WARN_64_TO_32_BIT_CONVERSION = YES;
				GCC_WARN_ABOUT_RETURN_TYPE = YES_ERROR;
				GCC_WARN_UNDECLARED_SELECTOR = YES;
				GCC_WARN_UNINITIALIZED_AUTOS = YES_AGGRESSIVE;
				GCC_WARN_UNUSED_FUNCTION = YES;
				GCC_WARN_UNUSED_VARIABLE = YES;
				MACOSX_DEPLOYMENT_TARGET = 12.5;
				MTL_ENABLE_DEBUG_INFO = INCLUDE_SOURCE;
				MTL_FAST_MATH = YES;
				ONLY_ACTIVE_ARCH = YES;
				SDKROOT = macosx;
				SWIFT_ACTIVE_COMPILATION_CONDITIONS = DEBUG;
				SWIFT_OPTIMIZATION_LEVEL = "-Onone";
			};
			name = Debug;
		};
		1F72B1B4289CA67F001A3AF2 /* Release */ = {
			isa = XCBuildConfiguration;
			buildSettings = {
				ALWAYS_SEARCH_USER_PATHS = NO;
				CLANG_ANALYZER_NONNULL = YES;
				CLANG_ANALYZER_NUMBER_OBJECT_CONVERSION = YES_AGGRESSIVE;
				CLANG_CXX_LANGUAGE_STANDARD = "gnu++17";
				CLANG_ENABLE_MODULES = YES;
				CLANG_ENABLE_OBJC_ARC = YES;
				CLANG_ENABLE_OBJC_WEAK = YES;
				CLANG_WARN_BLOCK_CAPTURE_AUTORELEASING = YES;
				CLANG_WARN_BOOL_CONVERSION = YES;
				CLANG_WARN_COMMA = YES;
				CLANG_WARN_CONSTANT_CONVERSION = YES;
				CLANG_WARN_DEPRECATED_OBJC_IMPLEMENTATIONS = YES;
				CLANG_WARN_DIRECT_OBJC_ISA_USAGE = YES_ERROR;
				CLANG_WARN_DOCUMENTATION_COMMENTS = YES;
				CLANG_WARN_EMPTY_BODY = YES;
				CLANG_WARN_ENUM_CONVERSION = YES;
				CLANG_WARN_INFINITE_RECURSION = YES;
				CLANG_WARN_INT_CONVERSION = YES;
				CLANG_WARN_NON_LITERAL_NULL_CONVERSION = YES;
				CLANG_WARN_OBJC_IMPLICIT_RETAIN_SELF = YES;
				CLANG_WARN_OBJC_LITERAL_CONVERSION = YES;
				CLANG_WARN_OBJC_ROOT_CLASS = YES_ERROR;
				CLANG_WARN_QUOTED_INCLUDE_IN_FRAMEWORK_HEADER = YES;
				CLANG_WARN_RANGE_LOOP_ANALYSIS = YES;
				CLANG_WARN_STRICT_PROTOTYPES = YES;
				CLANG_WARN_SUSPICIOUS_MOVE = YES;
				CLANG_WARN_UNGUARDED_AVAILABILITY = YES_AGGRESSIVE;
				CLANG_WARN_UNREACHABLE_CODE = YES;
				CLANG_WARN__DUPLICATE_METHOD_MATCH = YES;
				COPY_PHASE_STRIP = NO;
				DEBUG_INFORMATION_FORMAT = "dwarf-with-dsym";
				ENABLE_NS_ASSERTIONS = NO;
				ENABLE_STRICT_OBJC_MSGSEND = YES;
				GCC_C_LANGUAGE_STANDARD = gnu11;
				GCC_NO_COMMON_BLOCKS = YES;
				GCC_WARN_64_TO_32_BIT_CONVERSION = YES;
				GCC_WARN_ABOUT_RETURN_TYPE = YES_ERROR;
				GCC_WARN_UNDECLARED_SELECTOR = YES;
				GCC_WARN_UNINITIALIZED_AUTOS = YES_AGGRESSIVE;
				GCC_WARN_UNUSED_FUNCTION = YES;
				GCC_WARN_UNUSED_VARIABLE = YES;
				MACOSX_DEPLOYMENT_TARGET = 12.5;
				MTL_ENABLE_DEBUG_INFO = NO;
				MTL_FAST_MATH = YES;
				SDKROOT = macosx;
				SWIFT_COMPILATION_MODE = wholemodule;
				SWIFT_OPTIMIZATION_LEVEL = "-O";
			};
			name = Release;
		};
		1F72B1B6289CA67F001A3AF2 /* Debug */ = {
			isa = XCBuildConfiguration;
			buildSettings = {
				ASSETCATALOG_COMPILER_APPICON_NAME = AppIcon;
				ASSETCATALOG_COMPILER_GLOBAL_ACCENT_COLOR_NAME = AccentColor;
				CODE_SIGN_ENTITLEMENTS = AssetLibraryEditor/AssetLibraryEditor.entitlements;
				CODE_SIGN_STYLE = Automatic;
				COMBINE_HIDPI_IMAGES = YES;
				CURRENT_PROJECT_VERSION = 1;
				DEVELOPMENT_ASSET_PATHS = "\"AssetLibraryEditor/Preview Content\"";
				DEVELOPMENT_TEAM = D2D4S4F85R;
				ENABLE_HARDENED_RUNTIME = YES;
				ENABLE_PREVIEWS = YES;
				GENERATE_INFOPLIST_FILE = YES;
				INFOPLIST_FILE = AssetLibraryEditor/Info.plist;
				INFOPLIST_KEY_NSHumanReadableCopyright = "";
				LD_RUNPATH_SEARCH_PATHS = (
					"$(inherited)",
					"@executable_path/../Frameworks",
				);
				MARKETING_VERSION = 1.0;
				PRODUCT_BUNDLE_IDENTIFIER = com.nicolasmiari.AssetLibraryEditor;
				PRODUCT_NAME = "$(TARGET_NAME)";
				SWIFT_EMIT_LOC_STRINGS = YES;
				SWIFT_VERSION = 5.0;
			};
			name = Debug;
		};
		1F72B1B7289CA67F001A3AF2 /* Release */ = {
			isa = XCBuildConfiguration;
			buildSettings = {
				ASSETCATALOG_COMPILER_APPICON_NAME = AppIcon;
				ASSETCATALOG_COMPILER_GLOBAL_ACCENT_COLOR_NAME = AccentColor;
				CODE_SIGN_ENTITLEMENTS = AssetLibraryEditor/AssetLibraryEditor.entitlements;
				CODE_SIGN_STYLE = Automatic;
				COMBINE_HIDPI_IMAGES = YES;
				CURRENT_PROJECT_VERSION = 1;
				DEVELOPMENT_ASSET_PATHS = "\"AssetLibraryEditor/Preview Content\"";
				DEVELOPMENT_TEAM = D2D4S4F85R;
				ENABLE_HARDENED_RUNTIME = YES;
				ENABLE_PREVIEWS = YES;
				GENERATE_INFOPLIST_FILE = YES;
				INFOPLIST_FILE = AssetLibraryEditor/Info.plist;
				INFOPLIST_KEY_NSHumanReadableCopyright = "";
				LD_RUNPATH_SEARCH_PATHS = (
					"$(inherited)",
					"@executable_path/../Frameworks",
				);
				MARKETING_VERSION = 1.0;
				PRODUCT_BUNDLE_IDENTIFIER = com.nicolasmiari.AssetLibraryEditor;
				PRODUCT_NAME = "$(TARGET_NAME)";
				SWIFT_EMIT_LOC_STRINGS = YES;
				SWIFT_VERSION = 5.0;
			};
			name = Release;
		};
		1F72B1B9289CA67F001A3AF2 /* Debug */ = {
			isa = XCBuildConfiguration;
			buildSettings = {
				ALWAYS_EMBED_SWIFT_STANDARD_LIBRARIES = YES;
				BUNDLE_LOADER = "$(TEST_HOST)";
				CODE_SIGN_STYLE = Automatic;
				CURRENT_PROJECT_VERSION = 1;
				DEVELOPMENT_TEAM = D2D4S4F85R;
				GENERATE_INFOPLIST_FILE = YES;
				MACOSX_DEPLOYMENT_TARGET = 12.5;
				MARKETING_VERSION = 1.0;
				PRODUCT_BUNDLE_IDENTIFIER = com.nicolasmiari.AssetLibraryEditorTests;
				PRODUCT_NAME = "$(TARGET_NAME)";
				SWIFT_EMIT_LOC_STRINGS = NO;
				SWIFT_VERSION = 5.0;
				TEST_HOST = "$(BUILT_PRODUCTS_DIR)/AssetLibraryEditor.app/$(BUNDLE_EXECUTABLE_FOLDER_PATH)/AssetLibraryEditor";
			};
			name = Debug;
		};
		1F72B1BA289CA67F001A3AF2 /* Release */ = {
			isa = XCBuildConfiguration;
			buildSettings = {
				ALWAYS_EMBED_SWIFT_STANDARD_LIBRARIES = YES;
				BUNDLE_LOADER = "$(TEST_HOST)";
				CODE_SIGN_STYLE = Automatic;
				CURRENT_PROJECT_VERSION = 1;
				DEVELOPMENT_TEAM = D2D4S4F85R;
				GENERATE_INFOPLIST_FILE = YES;
				MACOSX_DEPLOYMENT_TARGET = 12.5;
				MARKETING_VERSION = 1.0;
				PRODUCT_BUNDLE_IDENTIFIER = com.nicolasmiari.AssetLibraryEditorTests;
				PRODUCT_NAME = "$(TARGET_NAME)";
				SWIFT_EMIT_LOC_STRINGS = NO;
				SWIFT_VERSION = 5.0;
				TEST_HOST = "$(BUILT_PRODUCTS_DIR)/AssetLibraryEditor.app/$(BUNDLE_EXECUTABLE_FOLDER_PATH)/AssetLibraryEditor";
			};
			name = Release;
		};
		1F72B1BC289CA67F001A3AF2 /* Debug */ = {
			isa = XCBuildConfiguration;
			buildSettings = {
				ALWAYS_EMBED_SWIFT_STANDARD_LIBRARIES = YES;
				CODE_SIGN_STYLE = Automatic;
				CURRENT_PROJECT_VERSION = 1;
				DEVELOPMENT_TEAM = D2D4S4F85R;
				GENERATE_INFOPLIST_FILE = YES;
				MARKETING_VERSION = 1.0;
				PRODUCT_BUNDLE_IDENTIFIER = com.nicolasmiari.AssetLibraryEditorUITests;
				PRODUCT_NAME = "$(TARGET_NAME)";
				SWIFT_EMIT_LOC_STRINGS = NO;
				SWIFT_VERSION = 5.0;
				TEST_TARGET_NAME = AssetLibraryEditor;
			};
			name = Debug;
		};
		1F72B1BD289CA67F001A3AF2 /* Release */ = {
			isa = XCBuildConfiguration;
			buildSettings = {
				ALWAYS_EMBED_SWIFT_STANDARD_LIBRARIES = YES;
				CODE_SIGN_STYLE = Automatic;
				CURRENT_PROJECT_VERSION = 1;
				DEVELOPMENT_TEAM = D2D4S4F85R;
				GENERATE_INFOPLIST_FILE = YES;
				MARKETING_VERSION = 1.0;
				PRODUCT_BUNDLE_IDENTIFIER = com.nicolasmiari.AssetLibraryEditorUITests;
				PRODUCT_NAME = "$(TARGET_NAME)";
				SWIFT_EMIT_LOC_STRINGS = NO;
				SWIFT_VERSION = 5.0;
				TEST_TARGET_NAME = AssetLibraryEditor;
			};
			name = Release;
		};
/* End XCBuildConfiguration section */

/* Begin XCConfigurationList section */
		1F72B188289CA67D001A3AF2 /* Build configuration list for PBXProject "AssetLibraryEditor" */ = {
			isa = XCConfigurationList;
			buildConfigurations = (
				1F72B1B3289CA67F001A3AF2 /* Debug */,
				1F72B1B4289CA67F001A3AF2 /* Release */,
			);
			defaultConfigurationIsVisible = 0;
			defaultConfigurationName = Release;
		};
		1F72B1B5289CA67F001A3AF2 /* Build configuration list for PBXNativeTarget "AssetLibraryEditor" */ = {
			isa = XCConfigurationList;
			buildConfigurations = (
				1F72B1B6289CA67F001A3AF2 /* Debug */,
				1F72B1B7289CA67F001A3AF2 /* Release */,
			);
			defaultConfigurationIsVisible = 0;
			defaultConfigurationName = Release;
		};
		1F72B1B8289CA67F001A3AF2 /* Build configuration list for PBXNativeTarget "AssetLibraryEditorTests" */ = {
			isa = XCConfigurationList;
			buildConfigurations = (
				1F72B1B9289CA67F001A3AF2 /* Debug */,
				1F72B1BA289CA67F001A3AF2 /* Release */,
			);
			defaultConfigurationIsVisible = 0;
			defaultConfigurationName = Release;
		};
		1F72B1BB289CA67F001A3AF2 /* Build configuration list for PBXNativeTarget "AssetLibraryEditorUITests" */ = {
			isa = XCConfigurationList;
			buildConfigurations = (
				1F72B1BC289CA67F001A3AF2 /* Debug */,
				1F72B1BD289CA67F001A3AF2 /* Release */,
			);
			defaultConfigurationIsVisible = 0;
			defaultConfigurationName = Release;
		};
/* End XCConfigurationList section */
	};
	rootObject = 1F72B185289CA67D001A3AF2 /* Project object */;
}
